// !$*UTF8*$!
{
	archiveVersion = 1;
	classes = {
	};
	objectVersion = 50;
	objects = {

/* Begin PBXBuildFile section */
		0202CE9821AF5786006D7C73 /* AppDelegate.swift in Sources */ = {isa = PBXBuildFile; fileRef = 0202CE9721AF5786006D7C73 /* AppDelegate.swift */; };
		0202CE9A21AF5786006D7C73 /* ViewController.swift in Sources */ = {isa = PBXBuildFile; fileRef = 0202CE9921AF5786006D7C73 /* ViewController.swift */; };
		0202CE9D21AF5786006D7C73 /* Main.storyboard in Resources */ = {isa = PBXBuildFile; fileRef = 0202CE9B21AF5786006D7C73 /* Main.storyboard */; };
		0202CE9F21AF5787006D7C73 /* Assets.xcassets in Resources */ = {isa = PBXBuildFile; fileRef = 0202CE9E21AF5787006D7C73 /* Assets.xcassets */; };
		0202CEA221AF5787006D7C73 /* LaunchScreen.storyboard in Resources */ = {isa = PBXBuildFile; fileRef = 0202CEA021AF5787006D7C73 /* LaunchScreen.storyboard */; };
		0202CEAF21AF597E006D7C73 /* OntSwift.framework in Embed Frameworks */ = {isa = PBXBuildFile; fileRef = 02C1D5D321AF1E98001C3AAD /* OntSwift.framework */; settings = {ATTRIBUTES = (CodeSignOnCopy, RemoveHeadersOnCopy, ); }; };
		0228D1C721B1A81000565F51 /* scrypt.framework in Frameworks */ = {isa = PBXBuildFile; fileRef = 02A9921921B19EAE005CA392 /* scrypt.framework */; };
		0228D1CB21B1ABC100565F51 /* Scrypt.swift in Sources */ = {isa = PBXBuildFile; fileRef = 0228D1CA21B1ABC100565F51 /* Scrypt.swift */; };
		0228D1D121B1C41E00565F51 /* BigInt.swift in Sources */ = {isa = PBXBuildFile; fileRef = 0228D1D021B1C41E00565F51 /* BigInt.swift */; };
		0228D1D321B2DEEB00565F51 /* gmp.framework in Frameworks */ = {isa = PBXBuildFile; fileRef = 0228D1D221B2DEEB00565F51 /* gmp.framework */; };
		0228D1DB21B2E92000565F51 /* HDPrivateKey.swift in Sources */ = {isa = PBXBuildFile; fileRef = 0228D1D921B2E92000565F51 /* HDPrivateKey.swift */; };
		0228D1DC21B2E92000565F51 /* HDKeychain.swift in Sources */ = {isa = PBXBuildFile; fileRef = 0228D1DA21B2E92000565F51 /* HDKeychain.swift */; };
		0228D1DF21B2EBCE00565F51 /* BitcoinKit.Private.swift in Sources */ = {isa = PBXBuildFile; fileRef = 0228D1DE21B2EBCE00565F51 /* BitcoinKit.Private.swift */; };
		0228D1E321B2F31600565F51 /* Mnemonic.swift in Sources */ = {isa = PBXBuildFile; fileRef = 0228D1E221B2F31600565F51 /* Mnemonic.swift */; };
		0228D1E521B2F33B00565F51 /* WordList.swift in Sources */ = {isa = PBXBuildFile; fileRef = 0228D1E421B2F33B00565F51 /* WordList.swift */; };
		0228D1E721B3A35A00565F51 /* Base58.swift in Sources */ = {isa = PBXBuildFile; fileRef = 0228D1E621B3A35A00565F51 /* Base58.swift */; };
		0228D1E921B3A37100565F51 /* base58.framework in Frameworks */ = {isa = PBXBuildFile; fileRef = 0228D1E821B3A37100565F51 /* base58.framework */; };
		0228D1EB21B3ACFF00565F51 /* CryptoTests.swift in Sources */ = {isa = PBXBuildFile; fileRef = 0228D1EA21B3ACFF00565F51 /* CryptoTests.swift */; };
		0228D1ED21B3AF4000565F51 /* PrivateKey.swift in Sources */ = {isa = PBXBuildFile; fileRef = 0228D1EC21B3AF4000565F51 /* PrivateKey.swift */; };
		028E93B821B7648B004B9F09 /* Account.swift in Sources */ = {isa = PBXBuildFile; fileRef = 028E93B721B7648B004B9F09 /* Account.swift */; };
		028E93BA21B76A6B004B9F09 /* Encodable+Dict.swift in Sources */ = {isa = PBXBuildFile; fileRef = 028E93B921B76A6B004B9F09 /* Encodable+Dict.swift */; };
		028E93BC21B7A05B004B9F09 /* Keystore.swift in Sources */ = {isa = PBXBuildFile; fileRef = 028E93BB21B7A05B004B9F09 /* Keystore.swift */; };
		028E93BE21B7A7DB004B9F09 /* ControlData.swift in Sources */ = {isa = PBXBuildFile; fileRef = 028E93BD21B7A7DB004B9F09 /* ControlData.swift */; };
		028E93C021B7ABE7004B9F09 /* Identity.swift in Sources */ = {isa = PBXBuildFile; fileRef = 028E93BF21B7ABE7004B9F09 /* Identity.swift */; };
		028E93C221B7B515004B9F09 /* AccountTests.swift in Sources */ = {isa = PBXBuildFile; fileRef = 028E93C121B7B515004B9F09 /* AccountTests.swift */; };
		028E93C421B7CC95004B9F09 /* IdentityTests.swift in Sources */ = {isa = PBXBuildFile; fileRef = 028E93C321B7CC95004B9F09 /* IdentityTests.swift */; };
		028E93C621B7D002004B9F09 /* Wallet.swift in Sources */ = {isa = PBXBuildFile; fileRef = 028E93C521B7D002004B9F09 /* Wallet.swift */; };
		028E93C821B7D898004B9F09 /* Date+ISO8601.swift in Sources */ = {isa = PBXBuildFile; fileRef = 028E93C721B7D898004B9F09 /* Date+ISO8601.swift */; };
		028E93CA21B80498004B9F09 /* WalletTests.swift in Sources */ = {isa = PBXBuildFile; fileRef = 028E93C921B80498004B9F09 /* WalletTests.swift */; };
		028E93CD21B8392B004B9F09 /* WebsocketRpc.swift in Sources */ = {isa = PBXBuildFile; fileRef = 028E93CC21B8392B004B9F09 /* WebsocketRpc.swift */; };
		028E93CF21B8394A004B9F09 /* WebsocketRpcTests.swift in Sources */ = {isa = PBXBuildFile; fileRef = 028E93CE21B8394A004B9F09 /* WebsocketRpcTests.swift */; };
		028E93E921B869F3004B9F09 /* SwiftWebSocket.framework in Frameworks */ = {isa = PBXBuildFile; fileRef = 028E93D121B8608A004B9F09 /* SwiftWebSocket.framework */; };
		028E93EA21B869F3004B9F09 /* SwiftyJSON.framework in Frameworks */ = {isa = PBXBuildFile; fileRef = 028E93D021B8608A004B9F09 /* SwiftyJSON.framework */; };
		028E93EC21B87426004B9F09 /* Promises.framework in Frameworks */ = {isa = PBXBuildFile; fileRef = 028E93EB21B87426004B9F09 /* Promises.framework */; };
		028E93EE21B87806004B9F09 /* FBLPromises.framework in Frameworks */ = {isa = PBXBuildFile; fileRef = 028E93ED21B87806004B9F09 /* FBLPromises.framework */; };
		028E93F021B89EF5004B9F09 /* ScriptReader.swift in Sources */ = {isa = PBXBuildFile; fileRef = 028E93EF21B89EF5004B9F09 /* ScriptReader.swift */; };
		028E93F221B8A0CE004B9F09 /* BufferReader.swift in Sources */ = {isa = PBXBuildFile; fileRef = 028E93F121B8A0CE004B9F09 /* BufferReader.swift */; };
		028E93F521B9342C004B9F09 /* ProgramInfo.swift in Sources */ = {isa = PBXBuildFile; fileRef = 028E93F421B9342C004B9F09 /* ProgramInfo.swift */; };
		028E93F721B934A6004B9F09 /* ProgramReader.swift in Sources */ = {isa = PBXBuildFile; fileRef = 028E93F621B934A6004B9F09 /* ProgramReader.swift */; };
		028E93FA21BA843C004B9F09 /* Payload.swift in Sources */ = {isa = PBXBuildFile; fileRef = 028E93F921BA843C004B9F09 /* Payload.swift */; };
		028E93FC21BA8921004B9F09 /* InvokeCode.swift in Sources */ = {isa = PBXBuildFile; fileRef = 028E93FB21BA8921004B9F09 /* InvokeCode.swift */; };
		028E93FE21BA8F06004B9F09 /* DeployCode.swift in Sources */ = {isa = PBXBuildFile; fileRef = 028E93FD21BA8F06004B9F09 /* DeployCode.swift */; };
		028E940121BA9D6A004B9F09 /* TxType.swift in Sources */ = {isa = PBXBuildFile; fileRef = 028E940021BA9D6A004B9F09 /* TxType.swift */; };
		028E940321BA9EC7004B9F09 /* Signable.swift in Sources */ = {isa = PBXBuildFile; fileRef = 028E940221BA9EC7004B9F09 /* Signable.swift */; };
		028E940521BA9F9B004B9F09 /* Transaction.swift in Sources */ = {isa = PBXBuildFile; fileRef = 028E940421BA9F9B004B9F09 /* Transaction.swift */; };
		028E940921BAA0BE004B9F09 /* AbiFunction.swift in Sources */ = {isa = PBXBuildFile; fileRef = 028E940821BAA0BE004B9F09 /* AbiFunction.swift */; };
		028E940B21BAA100004B9F09 /* AbiParameter.swift in Sources */ = {isa = PBXBuildFile; fileRef = 028E940A21BAA100004B9F09 /* AbiParameter.swift */; };
		028E940D21BAB22A004B9F09 /* AbiInfo.swift in Sources */ = {isa = PBXBuildFile; fileRef = 028E940C21BAB22A004B9F09 /* AbiInfo.swift */; };
		028E940F21BAB528004B9F09 /* Struct.swift in Sources */ = {isa = PBXBuildFile; fileRef = 028E940E21BAB528004B9F09 /* Struct.swift */; };
		028E941121BAB5A5004B9F09 /* NativeVmParamsBuilder.swift in Sources */ = {isa = PBXBuildFile; fileRef = 028E941021BAB5A5004B9F09 /* NativeVmParamsBuilder.swift */; };
		028E941521BAEB0E004B9F09 /* OntAssetTxBuilder.swift in Sources */ = {isa = PBXBuildFile; fileRef = 028E941421BAEB0E004B9F09 /* OntAssetTxBuilder.swift */; };
		028E941721BAF0BF004B9F09 /* TxSignature.swift in Sources */ = {isa = PBXBuildFile; fileRef = 028E941621BAF0BF004B9F09 /* TxSignature.swift */; };
		028E941B21BAFCF8004B9F09 /* TransactionBuilder.swift in Sources */ = {isa = PBXBuildFile; fileRef = 028E941A21BAFCF8004B9F09 /* TransactionBuilder.swift */; };
		028E941D21BB8BB5004B9F09 /* String+Bounds.swift in Sources */ = {isa = PBXBuildFile; fileRef = 028E941C21BB8BB5004B9F09 /* String+Bounds.swift */; };
		028E941F21BBC88B004B9F09 /* OntidContractTxBuilder.swift in Sources */ = {isa = PBXBuildFile; fileRef = 028E941E21BBC88A004B9F09 /* OntidContractTxBuilder.swift */; };
		028E942121BBD482004B9F09 /* OepState.swift in Sources */ = {isa = PBXBuildFile; fileRef = 028E942021BBD482004B9F09 /* OepState.swift */; };
		028E942321BBD4F9004B9F09 /* Oep4TxBuilder.swift in Sources */ = {isa = PBXBuildFile; fileRef = 028E942221BBD4F9004B9F09 /* Oep4TxBuilder.swift */; };
		028E942721BC0649004B9F09 /* TestWallet.swift in Sources */ = {isa = PBXBuildFile; fileRef = 028E942621BC0649004B9F09 /* TestWallet.swift */; };
		028E942B21BC3DA7004B9F09 /* TransferTest.swift in Sources */ = {isa = PBXBuildFile; fileRef = 028E942A21BC3DA7004B9F09 /* TransferTest.swift */; };
		029ACAB021B4345700FC656F /* Signature.swift in Sources */ = {isa = PBXBuildFile; fileRef = 029ACAAF21B4345700FC656F /* Signature.swift */; };
		029ACAB221B637B900FC656F /* PublicKey.swift in Sources */ = {isa = PBXBuildFile; fileRef = 029ACAB121B637B900FC656F /* PublicKey.swift */; };
		029ACAB421B63D9300FC656F /* AES.swift in Sources */ = {isa = PBXBuildFile; fileRef = 029ACAB321B63D9300FC656F /* AES.swift */; };
		029ACAB621B6629C00FC656F /* Address.swift in Sources */ = {isa = PBXBuildFile; fileRef = 029ACAB521B6629C00FC656F /* Address.swift */; };
		029ACAB921B6768F00FC656F /* Data+Bytes.swift in Sources */ = {isa = PBXBuildFile; fileRef = 029ACAB821B6768F00FC656F /* Data+Bytes.swift */; };
		029ACABD21B687B000FC656F /* ScriptBuilder.swift in Sources */ = {isa = PBXBuildFile; fileRef = 029ACABC21B687B000FC656F /* ScriptBuilder.swift */; };
		029ACABF21B6AA9400FC656F /* Opcode.swift in Sources */ = {isa = PBXBuildFile; fileRef = 029ACABE21B6AA9400FC656F /* Opcode.swift */; };
		029ACAC221B6AD4200FC656F /* ProgramBuilder.swift in Sources */ = {isa = PBXBuildFile; fileRef = 029ACAC121B6AD4200FC656F /* ProgramBuilder.swift */; };
		029CADBB21BD0AAB00D2BAAF /* OntidContractTx.swift in Sources */ = {isa = PBXBuildFile; fileRef = 029CADBA21BD0AAB00D2BAAF /* OntidContractTx.swift */; };
		029CADBD21BD0F0500D2BAAF /* Oep4Test.swift in Sources */ = {isa = PBXBuildFile; fileRef = 029CADBC21BD0F0500D2BAAF /* Oep4Test.swift */; };
		029CADBF21BD11C400D2BAAF /* Oep4Test.avm in Resources */ = {isa = PBXBuildFile; fileRef = 029CADBE21BD11C400D2BAAF /* Oep4Test.avm */; };
		029CADC121BD518B00D2BAAF /* Oep4Test.py in Resources */ = {isa = PBXBuildFile; fileRef = 029CADC021BD518B00D2BAAF /* Oep4Test.py */; };
		029CADC321BDF00E00D2BAAF /* NeoVmTests.py in Resources */ = {isa = PBXBuildFile; fileRef = 029CADC221BDF00E00D2BAAF /* NeoVmTests.py */; };
		029CADC521BDF0EF00D2BAAF /* NeoVmTests.swift in Sources */ = {isa = PBXBuildFile; fileRef = 029CADC421BDF0EF00D2BAAF /* NeoVmTests.swift */; };
		029CADC821BDF27B00D2BAAF /* NeoVmTests.abi.json in Resources */ = {isa = PBXBuildFile; fileRef = 029CADC621BDF27B00D2BAAF /* NeoVmTests.abi.json */; };
		029CADC921BDF27B00D2BAAF /* NeoVmTests.avm in Resources */ = {isa = PBXBuildFile; fileRef = 029CADC721BDF27B00D2BAAF /* NeoVmTests.avm */; };
		02A9921321B10AB8005CA392 /* Hash.swift in Sources */ = {isa = PBXBuildFile; fileRef = 02A9921221B10AB8005CA392 /* Hash.swift */; };
		02A9921621B117AF005CA392 /* Data+Hex.swift in Sources */ = {isa = PBXBuildFile; fileRef = 02A9921521B117AF005CA392 /* Data+Hex.swift */; };
		02C1D5DD21AF1E98001C3AAD /* OntSwift.framework in Frameworks */ = {isa = PBXBuildFile; fileRef = 02C1D5D321AF1E98001C3AAD /* OntSwift.framework */; };
		02C1D5E421AF1E98001C3AAD /* OntSwift.h in Headers */ = {isa = PBXBuildFile; fileRef = 02C1D5D621AF1E98001C3AAD /* OntSwift.h */; settings = {ATTRIBUTES = (Public, ); }; };
		02C1D5FE21AF3909001C3AAD /* openssl.framework in Frameworks */ = {isa = PBXBuildFile; fileRef = 02C1D5F221AF29EB001C3AAD /* openssl.framework */; };
		02F9075A21AFF0BD00571663 /* KeyType.swift in Sources */ = {isa = PBXBuildFile; fileRef = 02F9075921AFF0BD00571663 /* KeyType.swift */; };
		02F9075C21AFF4EB00571663 /* KeyParameters.swift in Sources */ = {isa = PBXBuildFile; fileRef = 02F9075B21AFF4EB00571663 /* KeyParameters.swift */; };
		02F9075E21AFF54F00571663 /* Curve.swift in Sources */ = {isa = PBXBuildFile; fileRef = 02F9075D21AFF54F00571663 /* Curve.swift */; };
		02F9076021B0F54A00571663 /* SignatureScheme.swift in Sources */ = {isa = PBXBuildFile; fileRef = 02F9075F21B0F54A00571663 /* SignatureScheme.swift */; };
		02F9076221B0F9D500571663 /* Key.swift in Sources */ = {isa = PBXBuildFile; fileRef = 02F9076121B0F9D500571663 /* Key.swift */; };
		02F9076521B0FB2A00571663 /* Constant.swift in Sources */ = {isa = PBXBuildFile; fileRef = 02F9076421B0FB2A00571663 /* Constant.swift */; };
/* End PBXBuildFile section */

/* Begin PBXContainerItemProxy section */
		0202CEA721AF5796006D7C73 /* PBXContainerItemProxy */ = {
			isa = PBXContainerItemProxy;
			containerPortal = 02C1D5CA21AF1E98001C3AAD /* Project object */;
			proxyType = 1;
			remoteGlobalIDString = 0202CE9421AF5786006D7C73;
			remoteInfo = OntSwiftTestsHost;
		};
		0202CEB021AF597E006D7C73 /* PBXContainerItemProxy */ = {
			isa = PBXContainerItemProxy;
			containerPortal = 02C1D5CA21AF1E98001C3AAD /* Project object */;
			proxyType = 1;
			remoteGlobalIDString = 02C1D5D221AF1E98001C3AAD;
			remoteInfo = OntSwift;
		};
		02C1D5DE21AF1E98001C3AAD /* PBXContainerItemProxy */ = {
			isa = PBXContainerItemProxy;
			containerPortal = 02C1D5CA21AF1E98001C3AAD /* Project object */;
			proxyType = 1;
			remoteGlobalIDString = 02C1D5D221AF1E98001C3AAD;
			remoteInfo = OntSwift;
		};
/* End PBXContainerItemProxy section */

/* Begin PBXCopyFilesBuildPhase section */
		0202CEB221AF597E006D7C73 /* Embed Frameworks */ = {
			isa = PBXCopyFilesBuildPhase;
			buildActionMask = 2147483647;
			dstPath = "";
			dstSubfolderSpec = 10;
			files = (
				0202CEAF21AF597E006D7C73 /* OntSwift.framework in Embed Frameworks */,
			);
			name = "Embed Frameworks";
			runOnlyForDeploymentPostprocessing = 0;
		};
/* End PBXCopyFilesBuildPhase section */

/* Begin PBXFileReference section */
		0202CE9521AF5786006D7C73 /* OntSwiftTestsHost.app */ = {isa = PBXFileReference; explicitFileType = wrapper.application; includeInIndex = 0; path = OntSwiftTestsHost.app; sourceTree = BUILT_PRODUCTS_DIR; };
		0202CE9721AF5786006D7C73 /* AppDelegate.swift */ = {isa = PBXFileReference; lastKnownFileType = sourcecode.swift; path = AppDelegate.swift; sourceTree = "<group>"; };
		0202CE9921AF5786006D7C73 /* ViewController.swift */ = {isa = PBXFileReference; lastKnownFileType = sourcecode.swift; path = ViewController.swift; sourceTree = "<group>"; };
		0202CE9C21AF5786006D7C73 /* Base */ = {isa = PBXFileReference; lastKnownFileType = file.storyboard; name = Base; path = Base.lproj/Main.storyboard; sourceTree = "<group>"; };
		0202CE9E21AF5787006D7C73 /* Assets.xcassets */ = {isa = PBXFileReference; lastKnownFileType = folder.assetcatalog; path = Assets.xcassets; sourceTree = "<group>"; };
		0202CEA121AF5787006D7C73 /* Base */ = {isa = PBXFileReference; lastKnownFileType = file.storyboard; name = Base; path = Base.lproj/LaunchScreen.storyboard; sourceTree = "<group>"; };
		0202CEA321AF5787006D7C73 /* Info.plist */ = {isa = PBXFileReference; lastKnownFileType = text.plist.xml; path = Info.plist; sourceTree = "<group>"; };
		0228D1CA21B1ABC100565F51 /* Scrypt.swift */ = {isa = PBXFileReference; lastKnownFileType = sourcecode.swift; path = Scrypt.swift; sourceTree = "<group>"; };
		0228D1D021B1C41E00565F51 /* BigInt.swift */ = {isa = PBXFileReference; lastKnownFileType = sourcecode.swift; path = BigInt.swift; sourceTree = "<group>"; };
		0228D1D221B2DEEB00565F51 /* gmp.framework */ = {isa = PBXFileReference; lastKnownFileType = wrapper.framework; name = gmp.framework; path = Frameworks/gmp.framework; sourceTree = "<group>"; };
		0228D1D921B2E92000565F51 /* HDPrivateKey.swift */ = {isa = PBXFileReference; fileEncoding = 4; lastKnownFileType = sourcecode.swift; path = HDPrivateKey.swift; sourceTree = "<group>"; };
		0228D1DA21B2E92000565F51 /* HDKeychain.swift */ = {isa = PBXFileReference; fileEncoding = 4; lastKnownFileType = sourcecode.swift; path = HDKeychain.swift; sourceTree = "<group>"; };
		0228D1DE21B2EBCE00565F51 /* BitcoinKit.Private.swift */ = {isa = PBXFileReference; fileEncoding = 4; lastKnownFileType = sourcecode.swift; path = BitcoinKit.Private.swift; sourceTree = "<group>"; };
		0228D1E221B2F31600565F51 /* Mnemonic.swift */ = {isa = PBXFileReference; fileEncoding = 4; lastKnownFileType = sourcecode.swift; path = Mnemonic.swift; sourceTree = "<group>"; };
		0228D1E421B2F33B00565F51 /* WordList.swift */ = {isa = PBXFileReference; fileEncoding = 4; lastKnownFileType = sourcecode.swift; path = WordList.swift; sourceTree = "<group>"; };
		0228D1E621B3A35A00565F51 /* Base58.swift */ = {isa = PBXFileReference; lastKnownFileType = sourcecode.swift; path = Base58.swift; sourceTree = "<group>"; };
		0228D1E821B3A37100565F51 /* base58.framework */ = {isa = PBXFileReference; lastKnownFileType = wrapper.framework; name = base58.framework; path = Frameworks/base58.framework; sourceTree = "<group>"; };
		0228D1EA21B3ACFF00565F51 /* CryptoTests.swift */ = {isa = PBXFileReference; lastKnownFileType = sourcecode.swift; path = CryptoTests.swift; sourceTree = "<group>"; };
		0228D1EC21B3AF4000565F51 /* PrivateKey.swift */ = {isa = PBXFileReference; lastKnownFileType = sourcecode.swift; path = PrivateKey.swift; sourceTree = "<group>"; };
		028E93B721B7648B004B9F09 /* Account.swift */ = {isa = PBXFileReference; lastKnownFileType = sourcecode.swift; path = Account.swift; sourceTree = "<group>"; };
		028E93B921B76A6B004B9F09 /* Encodable+Dict.swift */ = {isa = PBXFileReference; lastKnownFileType = sourcecode.swift; path = "Encodable+Dict.swift"; sourceTree = "<group>"; };
		028E93BB21B7A05B004B9F09 /* Keystore.swift */ = {isa = PBXFileReference; lastKnownFileType = sourcecode.swift; path = Keystore.swift; sourceTree = "<group>"; };
		028E93BD21B7A7DB004B9F09 /* ControlData.swift */ = {isa = PBXFileReference; lastKnownFileType = sourcecode.swift; path = ControlData.swift; sourceTree = "<group>"; };
		028E93BF21B7ABE7004B9F09 /* Identity.swift */ = {isa = PBXFileReference; lastKnownFileType = sourcecode.swift; path = Identity.swift; sourceTree = "<group>"; };
		028E93C121B7B515004B9F09 /* AccountTests.swift */ = {isa = PBXFileReference; lastKnownFileType = sourcecode.swift; path = AccountTests.swift; sourceTree = "<group>"; };
		028E93C321B7CC95004B9F09 /* IdentityTests.swift */ = {isa = PBXFileReference; lastKnownFileType = sourcecode.swift; path = IdentityTests.swift; sourceTree = "<group>"; };
		028E93C521B7D002004B9F09 /* Wallet.swift */ = {isa = PBXFileReference; lastKnownFileType = sourcecode.swift; path = Wallet.swift; sourceTree = "<group>"; };
		028E93C721B7D898004B9F09 /* Date+ISO8601.swift */ = {isa = PBXFileReference; lastKnownFileType = sourcecode.swift; path = "Date+ISO8601.swift"; sourceTree = "<group>"; };
		028E93C921B80498004B9F09 /* WalletTests.swift */ = {isa = PBXFileReference; lastKnownFileType = sourcecode.swift; path = WalletTests.swift; sourceTree = "<group>"; };
		028E93CC21B8392B004B9F09 /* WebsocketRpc.swift */ = {isa = PBXFileReference; lastKnownFileType = sourcecode.swift; path = WebsocketRpc.swift; sourceTree = "<group>"; };
		028E93CE21B8394A004B9F09 /* WebsocketRpcTests.swift */ = {isa = PBXFileReference; lastKnownFileType = sourcecode.swift; path = WebsocketRpcTests.swift; sourceTree = "<group>"; };
		028E93D021B8608A004B9F09 /* SwiftyJSON.framework */ = {isa = PBXFileReference; lastKnownFileType = wrapper.framework; name = SwiftyJSON.framework; path = Carthage/Build/iOS/SwiftyJSON.framework; sourceTree = "<group>"; };
		028E93D121B8608A004B9F09 /* SwiftWebSocket.framework */ = {isa = PBXFileReference; lastKnownFileType = wrapper.framework; name = SwiftWebSocket.framework; path = Carthage/Build/iOS/SwiftWebSocket.framework; sourceTree = "<group>"; };
		028E93D221B8608A004B9F09 /* PromiseKit.framework */ = {isa = PBXFileReference; lastKnownFileType = wrapper.framework; name = PromiseKit.framework; path = Carthage/Build/iOS/PromiseKit.framework; sourceTree = "<group>"; };
		028E93EB21B87426004B9F09 /* Promises.framework */ = {isa = PBXFileReference; lastKnownFileType = wrapper.framework; name = Promises.framework; path = Carthage/Build/iOS/Promises.framework; sourceTree = "<group>"; };
		028E93ED21B87806004B9F09 /* FBLPromises.framework */ = {isa = PBXFileReference; lastKnownFileType = wrapper.framework; name = FBLPromises.framework; path = Carthage/Build/iOS/FBLPromises.framework; sourceTree = "<group>"; };
		028E93EF21B89EF5004B9F09 /* ScriptReader.swift */ = {isa = PBXFileReference; lastKnownFileType = sourcecode.swift; path = ScriptReader.swift; sourceTree = "<group>"; };
		028E93F121B8A0CE004B9F09 /* BufferReader.swift */ = {isa = PBXFileReference; lastKnownFileType = sourcecode.swift; path = BufferReader.swift; sourceTree = "<group>"; };
		028E93F421B9342C004B9F09 /* ProgramInfo.swift */ = {isa = PBXFileReference; lastKnownFileType = sourcecode.swift; path = ProgramInfo.swift; sourceTree = "<group>"; };
		028E93F621B934A6004B9F09 /* ProgramReader.swift */ = {isa = PBXFileReference; lastKnownFileType = sourcecode.swift; path = ProgramReader.swift; sourceTree = "<group>"; };
		028E93F921BA843C004B9F09 /* Payload.swift */ = {isa = PBXFileReference; lastKnownFileType = sourcecode.swift; path = Payload.swift; sourceTree = "<group>"; };
		028E93FB21BA8921004B9F09 /* InvokeCode.swift */ = {isa = PBXFileReference; lastKnownFileType = sourcecode.swift; path = InvokeCode.swift; sourceTree = "<group>"; };
		028E93FD21BA8F06004B9F09 /* DeployCode.swift */ = {isa = PBXFileReference; lastKnownFileType = sourcecode.swift; path = DeployCode.swift; sourceTree = "<group>"; };
		028E940021BA9D6A004B9F09 /* TxType.swift */ = {isa = PBXFileReference; lastKnownFileType = sourcecode.swift; path = TxType.swift; sourceTree = "<group>"; };
		028E940221BA9EC7004B9F09 /* Signable.swift */ = {isa = PBXFileReference; lastKnownFileType = sourcecode.swift; path = Signable.swift; sourceTree = "<group>"; };
		028E940421BA9F9B004B9F09 /* Transaction.swift */ = {isa = PBXFileReference; lastKnownFileType = sourcecode.swift; path = Transaction.swift; sourceTree = "<group>"; };
		028E940821BAA0BE004B9F09 /* AbiFunction.swift */ = {isa = PBXFileReference; lastKnownFileType = sourcecode.swift; path = AbiFunction.swift; sourceTree = "<group>"; };
		028E940A21BAA100004B9F09 /* AbiParameter.swift */ = {isa = PBXFileReference; lastKnownFileType = sourcecode.swift; path = AbiParameter.swift; sourceTree = "<group>"; };
		028E940C21BAB22A004B9F09 /* AbiInfo.swift */ = {isa = PBXFileReference; lastKnownFileType = sourcecode.swift; path = AbiInfo.swift; sourceTree = "<group>"; };
		028E940E21BAB528004B9F09 /* Struct.swift */ = {isa = PBXFileReference; lastKnownFileType = sourcecode.swift; path = Struct.swift; sourceTree = "<group>"; };
		028E941021BAB5A5004B9F09 /* NativeVmParamsBuilder.swift */ = {isa = PBXFileReference; lastKnownFileType = sourcecode.swift; path = NativeVmParamsBuilder.swift; sourceTree = "<group>"; };
		028E941421BAEB0E004B9F09 /* OntAssetTxBuilder.swift */ = {isa = PBXFileReference; lastKnownFileType = sourcecode.swift; path = OntAssetTxBuilder.swift; sourceTree = "<group>"; };
		028E941621BAF0BF004B9F09 /* TxSignature.swift */ = {isa = PBXFileReference; lastKnownFileType = sourcecode.swift; path = TxSignature.swift; sourceTree = "<group>"; };
		028E941A21BAFCF8004B9F09 /* TransactionBuilder.swift */ = {isa = PBXFileReference; lastKnownFileType = sourcecode.swift; path = TransactionBuilder.swift; sourceTree = "<group>"; };
		028E941C21BB8BB5004B9F09 /* String+Bounds.swift */ = {isa = PBXFileReference; lastKnownFileType = sourcecode.swift; path = "String+Bounds.swift"; sourceTree = "<group>"; };
		028E941E21BBC88A004B9F09 /* OntidContractTxBuilder.swift */ = {isa = PBXFileReference; lastKnownFileType = sourcecode.swift; path = OntidContractTxBuilder.swift; sourceTree = "<group>"; };
		028E942021BBD482004B9F09 /* OepState.swift */ = {isa = PBXFileReference; lastKnownFileType = sourcecode.swift; path = OepState.swift; sourceTree = "<group>"; };
		028E942221BBD4F9004B9F09 /* Oep4TxBuilder.swift */ = {isa = PBXFileReference; lastKnownFileType = sourcecode.swift; path = Oep4TxBuilder.swift; sourceTree = "<group>"; };
		028E942621BC0649004B9F09 /* TestWallet.swift */ = {isa = PBXFileReference; lastKnownFileType = sourcecode.swift; path = TestWallet.swift; sourceTree = "<group>"; };
		028E942A21BC3DA7004B9F09 /* TransferTest.swift */ = {isa = PBXFileReference; lastKnownFileType = sourcecode.swift; path = TransferTest.swift; sourceTree = "<group>"; };
		029ACAAF21B4345700FC656F /* Signature.swift */ = {isa = PBXFileReference; lastKnownFileType = sourcecode.swift; path = Signature.swift; sourceTree = "<group>"; };
		029ACAB121B637B900FC656F /* PublicKey.swift */ = {isa = PBXFileReference; lastKnownFileType = sourcecode.swift; path = PublicKey.swift; sourceTree = "<group>"; };
		029ACAB321B63D9300FC656F /* AES.swift */ = {isa = PBXFileReference; lastKnownFileType = sourcecode.swift; path = AES.swift; sourceTree = "<group>"; };
		029ACAB521B6629C00FC656F /* Address.swift */ = {isa = PBXFileReference; lastKnownFileType = sourcecode.swift; path = Address.swift; sourceTree = "<group>"; };
		029ACAB821B6768F00FC656F /* Data+Bytes.swift */ = {isa = PBXFileReference; lastKnownFileType = sourcecode.swift; path = "Data+Bytes.swift"; sourceTree = "<group>"; };
		029ACABC21B687B000FC656F /* ScriptBuilder.swift */ = {isa = PBXFileReference; lastKnownFileType = sourcecode.swift; path = ScriptBuilder.swift; sourceTree = "<group>"; };
		029ACABE21B6AA9400FC656F /* Opcode.swift */ = {isa = PBXFileReference; lastKnownFileType = sourcecode.swift; path = Opcode.swift; sourceTree = "<group>"; };
		029ACAC121B6AD4200FC656F /* ProgramBuilder.swift */ = {isa = PBXFileReference; lastKnownFileType = sourcecode.swift; path = ProgramBuilder.swift; sourceTree = "<group>"; };
		029CADBA21BD0AAB00D2BAAF /* OntidContractTx.swift */ = {isa = PBXFileReference; lastKnownFileType = sourcecode.swift; path = OntidContractTx.swift; sourceTree = "<group>"; };
		029CADBC21BD0F0500D2BAAF /* Oep4Test.swift */ = {isa = PBXFileReference; lastKnownFileType = sourcecode.swift; path = Oep4Test.swift; sourceTree = "<group>"; };
		029CADBE21BD11C400D2BAAF /* Oep4Test.avm */ = {isa = PBXFileReference; fileEncoding = 4; lastKnownFileType = text; path = Oep4Test.avm; sourceTree = "<group>"; };
		029CADC021BD518B00D2BAAF /* Oep4Test.py */ = {isa = PBXFileReference; fileEncoding = 4; lastKnownFileType = text.script.python; path = Oep4Test.py; sourceTree = "<group>"; };
		029CADC221BDF00E00D2BAAF /* NeoVmTests.py */ = {isa = PBXFileReference; lastKnownFileType = text.script.python; path = NeoVmTests.py; sourceTree = "<group>"; };
		029CADC421BDF0EF00D2BAAF /* NeoVmTests.swift */ = {isa = PBXFileReference; lastKnownFileType = sourcecode.swift; path = NeoVmTests.swift; sourceTree = "<group>"; };
		029CADC621BDF27B00D2BAAF /* NeoVmTests.abi.json */ = {isa = PBXFileReference; fileEncoding = 4; lastKnownFileType = text.json; path = NeoVmTests.abi.json; sourceTree = "<group>"; };
		029CADC721BDF27B00D2BAAF /* NeoVmTests.avm */ = {isa = PBXFileReference; fileEncoding = 4; lastKnownFileType = text; path = NeoVmTests.avm; sourceTree = "<group>"; };
		02A9921221B10AB8005CA392 /* Hash.swift */ = {isa = PBXFileReference; lastKnownFileType = sourcecode.swift; path = Hash.swift; sourceTree = "<group>"; };
		02A9921521B117AF005CA392 /* Data+Hex.swift */ = {isa = PBXFileReference; lastKnownFileType = sourcecode.swift; path = "Data+Hex.swift"; sourceTree = "<group>"; };
		02A9921921B19EAE005CA392 /* scrypt.framework */ = {isa = PBXFileReference; lastKnownFileType = wrapper.framework; name = scrypt.framework; path = Frameworks/scrypt.framework; sourceTree = "<group>"; };
		02C1D5D321AF1E98001C3AAD /* OntSwift.framework */ = {isa = PBXFileReference; explicitFileType = wrapper.framework; includeInIndex = 0; path = OntSwift.framework; sourceTree = BUILT_PRODUCTS_DIR; };
		02C1D5D621AF1E98001C3AAD /* OntSwift.h */ = {isa = PBXFileReference; lastKnownFileType = sourcecode.c.h; path = OntSwift.h; sourceTree = "<group>"; };
		02C1D5D721AF1E98001C3AAD /* Info.plist */ = {isa = PBXFileReference; lastKnownFileType = text.plist.xml; path = Info.plist; sourceTree = "<group>"; };
		02C1D5DC21AF1E98001C3AAD /* OntSwiftTests.xctest */ = {isa = PBXFileReference; explicitFileType = wrapper.cfbundle; includeInIndex = 0; path = OntSwiftTests.xctest; sourceTree = BUILT_PRODUCTS_DIR; };
		02C1D5E321AF1E98001C3AAD /* Info.plist */ = {isa = PBXFileReference; lastKnownFileType = text.plist.xml; path = Info.plist; sourceTree = "<group>"; };
		02C1D5F221AF29EB001C3AAD /* openssl.framework */ = {isa = PBXFileReference; lastKnownFileType = wrapper.framework; name = openssl.framework; path = Frameworks/openssl.framework; sourceTree = "<group>"; };
		02F9075921AFF0BD00571663 /* KeyType.swift */ = {isa = PBXFileReference; lastKnownFileType = sourcecode.swift; path = KeyType.swift; sourceTree = "<group>"; };
		02F9075B21AFF4EB00571663 /* KeyParameters.swift */ = {isa = PBXFileReference; lastKnownFileType = sourcecode.swift; path = KeyParameters.swift; sourceTree = "<group>"; };
		02F9075D21AFF54F00571663 /* Curve.swift */ = {isa = PBXFileReference; indentWidth = 2; lastKnownFileType = sourcecode.swift; path = Curve.swift; sourceTree = "<group>"; };
		02F9075F21B0F54A00571663 /* SignatureScheme.swift */ = {isa = PBXFileReference; lastKnownFileType = sourcecode.swift; path = SignatureScheme.swift; sourceTree = "<group>"; };
		02F9076121B0F9D500571663 /* Key.swift */ = {isa = PBXFileReference; lastKnownFileType = sourcecode.swift; path = Key.swift; sourceTree = "<group>"; };
		02F9076421B0FB2A00571663 /* Constant.swift */ = {isa = PBXFileReference; lastKnownFileType = sourcecode.swift; path = Constant.swift; sourceTree = "<group>"; };
/* End PBXFileReference section */

/* Begin PBXFrameworksBuildPhase section */
		0202CE9221AF5786006D7C73 /* Frameworks */ = {
			isa = PBXFrameworksBuildPhase;
			buildActionMask = 2147483647;
			files = (
			);
			runOnlyForDeploymentPostprocessing = 0;
		};
		02C1D5D021AF1E98001C3AAD /* Frameworks */ = {
			isa = PBXFrameworksBuildPhase;
			buildActionMask = 2147483647;
			files = (
				02C1D5FE21AF3909001C3AAD /* openssl.framework in Frameworks */,
				0228D1C721B1A81000565F51 /* scrypt.framework in Frameworks */,
				0228D1D321B2DEEB00565F51 /* gmp.framework in Frameworks */,
				0228D1E921B3A37100565F51 /* base58.framework in Frameworks */,
			);
			runOnlyForDeploymentPostprocessing = 0;
		};
		02C1D5D921AF1E98001C3AAD /* Frameworks */ = {
			isa = PBXFrameworksBuildPhase;
			buildActionMask = 2147483647;
			files = (
				02C1D5DD21AF1E98001C3AAD /* OntSwift.framework in Frameworks */,
				028E93EC21B87426004B9F09 /* Promises.framework in Frameworks */,
				028E93E921B869F3004B9F09 /* SwiftWebSocket.framework in Frameworks */,
				028E93EA21B869F3004B9F09 /* SwiftyJSON.framework in Frameworks */,
				028E93EE21B87806004B9F09 /* FBLPromises.framework in Frameworks */,
			);
			runOnlyForDeploymentPostprocessing = 0;
		};
/* End PBXFrameworksBuildPhase section */

/* Begin PBXGroup section */
		0202CE9621AF5786006D7C73 /* OntSwiftTestsHost */ = {
			isa = PBXGroup;
			children = (
				0202CE9721AF5786006D7C73 /* AppDelegate.swift */,
				0202CE9921AF5786006D7C73 /* ViewController.swift */,
				0202CE9B21AF5786006D7C73 /* Main.storyboard */,
				0202CE9E21AF5787006D7C73 /* Assets.xcassets */,
				0202CEA021AF5787006D7C73 /* LaunchScreen.storyboard */,
				0202CEA321AF5787006D7C73 /* Info.plist */,
			);
			path = OntSwiftTestsHost;
			sourceTree = "<group>";
		};
		028E93CB21B838FF004B9F09 /* Network */ = {
			isa = PBXGroup;
			children = (
				028E93CC21B8392B004B9F09 /* WebsocketRpc.swift */,
			);
			path = Network;
			sourceTree = "<group>";
		};
		028E93F821BA8431004B9F09 /* Payload */ = {
			isa = PBXGroup;
			children = (
				028E93F921BA843C004B9F09 /* Payload.swift */,
				028E93FB21BA8921004B9F09 /* InvokeCode.swift */,
				028E93FD21BA8F06004B9F09 /* DeployCode.swift */,
			);
			path = Payload;
			sourceTree = "<group>";
		};
		028E93FF21BA9D46004B9F09 /* Transaction */ = {
			isa = PBXGroup;
			children = (
				028E940021BA9D6A004B9F09 /* TxType.swift */,
				028E940221BA9EC7004B9F09 /* Signable.swift */,
				028E940421BA9F9B004B9F09 /* Transaction.swift */,
				028E941621BAF0BF004B9F09 /* TxSignature.swift */,
				028E941A21BAFCF8004B9F09 /* TransactionBuilder.swift */,
			);
			path = Transaction;
			sourceTree = "<group>";
		};
		028E940621BAA044004B9F09 /* SmartContract */ = {
			isa = PBXGroup;
			children = (
				028E940721BAA0AC004B9F09 /* Abi */,
				028E941221BAEAD1004B9F09 /* Nativevm */,
				028E941321BAEAEF004B9F09 /* Neovm */,
			);
			path = SmartContract;
			sourceTree = "<group>";
		};
		028E940721BAA0AC004B9F09 /* Abi */ = {
			isa = PBXGroup;
			children = (
				028E940821BAA0BE004B9F09 /* AbiFunction.swift */,
				028E940A21BAA100004B9F09 /* AbiParameter.swift */,
				028E940C21BAB22A004B9F09 /* AbiInfo.swift */,
				028E940E21BAB528004B9F09 /* Struct.swift */,
				028E941021BAB5A5004B9F09 /* NativeVmParamsBuilder.swift */,
			);
			path = Abi;
			sourceTree = "<group>";
		};
		028E941221BAEAD1004B9F09 /* Nativevm */ = {
			isa = PBXGroup;
			children = (
				028E941421BAEB0E004B9F09 /* OntAssetTxBuilder.swift */,
				028E941E21BBC88A004B9F09 /* OntidContractTxBuilder.swift */,
			);
			path = Nativevm;
			sourceTree = "<group>";
		};
		028E941321BAEAEF004B9F09 /* Neovm */ = {
			isa = PBXGroup;
			children = (
				028E942021BBD482004B9F09 /* OepState.swift */,
				028E942221BBD4F9004B9F09 /* Oep4TxBuilder.swift */,
			);
			path = Neovm;
			sourceTree = "<group>";
		};
		029ACAB721B671C700FC656F /* Common */ = {
			isa = PBXGroup;
			children = (
				0228D1D021B1C41E00565F51 /* BigInt.swift */,
				02A9921521B117AF005CA392 /* Data+Hex.swift */,
				029ACAB821B6768F00FC656F /* Data+Bytes.swift */,
				028E93B921B76A6B004B9F09 /* Encodable+Dict.swift */,
				028E93C721B7D898004B9F09 /* Date+ISO8601.swift */,
				028E93F121B8A0CE004B9F09 /* BufferReader.swift */,
				028E941C21BB8BB5004B9F09 /* String+Bounds.swift */,
			);
			path = Common;
			sourceTree = "<group>";
		};
		029ACABA21B681B200FC656F /* Core */ = {
			isa = PBXGroup;
			children = (
				028E93F821BA8431004B9F09 /* Payload */,
				029ACAC021B6AD2F00FC656F /* Program */,
				029ACABB21B681BD00FC656F /* Script */,
				028E93FF21BA9D46004B9F09 /* Transaction */,
			);
			path = Core;
			sourceTree = "<group>";
		};
		029ACABB21B681BD00FC656F /* Script */ = {
			isa = PBXGroup;
			children = (
				029ACABE21B6AA9400FC656F /* Opcode.swift */,
				029ACABC21B687B000FC656F /* ScriptBuilder.swift */,
				028E93EF21B89EF5004B9F09 /* ScriptReader.swift */,
			);
			path = Script;
			sourceTree = "<group>";
		};
		029ACAC021B6AD2F00FC656F /* Program */ = {
			isa = PBXGroup;
			children = (
				028E93F421B9342C004B9F09 /* ProgramInfo.swift */,
				029ACAC121B6AD4200FC656F /* ProgramBuilder.swift */,
				028E93F621B934A6004B9F09 /* ProgramReader.swift */,
			);
			path = Program;
			sourceTree = "<group>";
		};
		02C1D5C921AF1E98001C3AAD = {
			isa = PBXGroup;
			children = (
				02C1D5D521AF1E98001C3AAD /* OntSwift */,
				02C1D5E021AF1E98001C3AAD /* OntSwiftTests */,
				0202CE9621AF5786006D7C73 /* OntSwiftTestsHost */,
				02C1D5D421AF1E98001C3AAD /* Products */,
				02C1D5F121AF29EB001C3AAD /* Frameworks */,
			);
			sourceTree = "<group>";
		};
		02C1D5D421AF1E98001C3AAD /* Products */ = {
			isa = PBXGroup;
			children = (
				02C1D5D321AF1E98001C3AAD /* OntSwift.framework */,
				02C1D5DC21AF1E98001C3AAD /* OntSwiftTests.xctest */,
				0202CE9521AF5786006D7C73 /* OntSwiftTestsHost.app */,
			);
			name = Products;
			sourceTree = "<group>";
		};
		02C1D5D521AF1E98001C3AAD /* OntSwift */ = {
			isa = PBXGroup;
			children = (
				029ACAB721B671C700FC656F /* Common */,
				029ACABA21B681B200FC656F /* Core */,
				028E940621BAA044004B9F09 /* SmartContract */,
				02F9075821AFEF3900571663 /* Crypto */,
				028E93CB21B838FF004B9F09 /* Network */,
				02F9076321B0FB0C00571663 /* SDK */,
				02C1D5D621AF1E98001C3AAD /* OntSwift.h */,
				02C1D5D721AF1E98001C3AAD /* Info.plist */,
			);
			path = OntSwift;
			sourceTree = "<group>";
		};
		02C1D5E021AF1E98001C3AAD /* OntSwiftTests */ = {
			isa = PBXGroup;
			children = (
				028E93C121B7B515004B9F09 /* AccountTests.swift */,
				0228D1EA21B3ACFF00565F51 /* CryptoTests.swift */,
				028E93C321B7CC95004B9F09 /* IdentityTests.swift */,
				028E93C921B80498004B9F09 /* WalletTests.swift */,
				028E93CE21B8394A004B9F09 /* WebsocketRpcTests.swift */,
				028E942A21BC3DA7004B9F09 /* TransferTest.swift */,
				029CADBA21BD0AAB00D2BAAF /* OntidContractTx.swift */,
				029CADBC21BD0F0500D2BAAF /* Oep4Test.swift */,
				029CADC021BD518B00D2BAAF /* Oep4Test.py */,
				029CADBE21BD11C400D2BAAF /* Oep4Test.avm */,
				029CADC421BDF0EF00D2BAAF /* NeoVmTests.swift */,
				029CADC221BDF00E00D2BAAF /* NeoVmTests.py */,
				029CADC621BDF27B00D2BAAF /* NeoVmTests.abi.json */,
				029CADC721BDF27B00D2BAAF /* NeoVmTests.avm */,
				028E942621BC0649004B9F09 /* TestWallet.swift */,
				02C1D5E321AF1E98001C3AAD /* Info.plist */,
			);
			path = OntSwiftTests;
			sourceTree = "<group>";
		};
		02C1D5F121AF29EB001C3AAD /* Frameworks */ = {
			isa = PBXGroup;
			children = (
				028E93ED21B87806004B9F09 /* FBLPromises.framework */,
				028E93EB21B87426004B9F09 /* Promises.framework */,
				028E93D221B8608A004B9F09 /* PromiseKit.framework */,
				028E93D121B8608A004B9F09 /* SwiftWebSocket.framework */,
				028E93D021B8608A004B9F09 /* SwiftyJSON.framework */,
				0228D1E821B3A37100565F51 /* base58.framework */,
				0228D1D221B2DEEB00565F51 /* gmp.framework */,
				02A9921921B19EAE005CA392 /* scrypt.framework */,
				02C1D5F221AF29EB001C3AAD /* openssl.framework */,
			);
			name = Frameworks;
			sourceTree = "<group>";
		};
		02F9075821AFEF3900571663 /* Crypto */ = {
			isa = PBXGroup;
			children = (
				02F9076121B0F9D500571663 /* Key.swift */,
				0228D1EC21B3AF4000565F51 /* PrivateKey.swift */,
				029ACAB121B637B900FC656F /* PublicKey.swift */,
				029ACAB521B6629C00FC656F /* Address.swift */,
				0228D1DA21B2E92000565F51 /* HDKeychain.swift */,
				0228D1D921B2E92000565F51 /* HDPrivateKey.swift */,
				02F9075921AFF0BD00571663 /* KeyType.swift */,
				02F9075B21AFF4EB00571663 /* KeyParameters.swift */,
				02F9075D21AFF54F00571663 /* Curve.swift */,
				02F9075F21B0F54A00571663 /* SignatureScheme.swift */,
				02A9921221B10AB8005CA392 /* Hash.swift */,
				0228D1CA21B1ABC100565F51 /* Scrypt.swift */,
				0228D1E221B2F31600565F51 /* Mnemonic.swift */,
				0228D1E421B2F33B00565F51 /* WordList.swift */,
				0228D1DE21B2EBCE00565F51 /* BitcoinKit.Private.swift */,
				0228D1E621B3A35A00565F51 /* Base58.swift */,
				029ACAAF21B4345700FC656F /* Signature.swift */,
				029ACAB321B63D9300FC656F /* AES.swift */,
			);
			path = Crypto;
			sourceTree = "<group>";
		};
		02F9076321B0FB0C00571663 /* SDK */ = {
			isa = PBXGroup;
			children = (
				02F9076421B0FB2A00571663 /* Constant.swift */,
				028E93B721B7648B004B9F09 /* Account.swift */,
				028E93BB21B7A05B004B9F09 /* Keystore.swift */,
				028E93BD21B7A7DB004B9F09 /* ControlData.swift */,
				028E93BF21B7ABE7004B9F09 /* Identity.swift */,
				028E93C521B7D002004B9F09 /* Wallet.swift */,
			);
			path = SDK;
			sourceTree = "<group>";
		};
/* End PBXGroup section */

/* Begin PBXHeadersBuildPhase section */
		02C1D5CE21AF1E98001C3AAD /* Headers */ = {
			isa = PBXHeadersBuildPhase;
			buildActionMask = 2147483647;
			files = (
				02C1D5E421AF1E98001C3AAD /* OntSwift.h in Headers */,
			);
			runOnlyForDeploymentPostprocessing = 0;
		};
/* End PBXHeadersBuildPhase section */

/* Begin PBXNativeTarget section */
		0202CE9421AF5786006D7C73 /* OntSwiftTestsHost */ = {
			isa = PBXNativeTarget;
			buildConfigurationList = 0202CEA421AF5787006D7C73 /* Build configuration list for PBXNativeTarget "OntSwiftTestsHost" */;
			buildPhases = (
				0202CE9121AF5786006D7C73 /* Sources */,
				0202CE9221AF5786006D7C73 /* Frameworks */,
				0202CE9321AF5786006D7C73 /* Resources */,
				0202CEB221AF597E006D7C73 /* Embed Frameworks */,
				0228D1C621B1A6FC00565F51 /* Carthage */,
			);
			buildRules = (
			);
			dependencies = (
				0202CEB121AF597E006D7C73 /* PBXTargetDependency */,
			);
			name = OntSwiftTestsHost;
			productName = OntSwiftTestsHost;
			productReference = 0202CE9521AF5786006D7C73 /* OntSwiftTestsHost.app */;
			productType = "com.apple.product-type.application";
		};
		02C1D5D221AF1E98001C3AAD /* OntSwift */ = {
			isa = PBXNativeTarget;
			buildConfigurationList = 02C1D5E721AF1E98001C3AAD /* Build configuration list for PBXNativeTarget "OntSwift" */;
			buildPhases = (
				029ACAC321B6E31200FC656F /* Build Libraries */,
				02C1D5CE21AF1E98001C3AAD /* Headers */,
				02C1D5CF21AF1E98001C3AAD /* Sources */,
				02C1D5D021AF1E98001C3AAD /* Frameworks */,
				02C1D5D121AF1E98001C3AAD /* Resources */,
			);
			buildRules = (
			);
			dependencies = (
			);
			name = OntSwift;
			productName = OntSwift;
			productReference = 02C1D5D321AF1E98001C3AAD /* OntSwift.framework */;
			productType = "com.apple.product-type.framework";
		};
		02C1D5DB21AF1E98001C3AAD /* OntSwiftTests */ = {
			isa = PBXNativeTarget;
			buildConfigurationList = 02C1D5EA21AF1E98001C3AAD /* Build configuration list for PBXNativeTarget "OntSwiftTests" */;
			buildPhases = (
				02C1D5D821AF1E98001C3AAD /* Sources */,
				02C1D5D921AF1E98001C3AAD /* Frameworks */,
				02C1D5DA21AF1E98001C3AAD /* Resources */,
			);
			buildRules = (
			);
			dependencies = (
				02C1D5DF21AF1E98001C3AAD /* PBXTargetDependency */,
				0202CEA821AF5796006D7C73 /* PBXTargetDependency */,
			);
			name = OntSwiftTests;
			productName = OntSwiftTests;
			productReference = 02C1D5DC21AF1E98001C3AAD /* OntSwiftTests.xctest */;
			productType = "com.apple.product-type.bundle.unit-test";
		};
/* End PBXNativeTarget section */

/* Begin PBXProject section */
		02C1D5CA21AF1E98001C3AAD /* Project object */ = {
			isa = PBXProject;
			attributes = {
				LastSwiftUpdateCheck = 1010;
				LastUpgradeCheck = 1010;
				ORGANIZATIONNAME = hsiaosiyuan;
				TargetAttributes = {
					0202CE9421AF5786006D7C73 = {
						CreatedOnToolsVersion = 10.1;
					};
					02C1D5D221AF1E98001C3AAD = {
						CreatedOnToolsVersion = 10.1;
						LastSwiftMigration = 1010;
					};
					02C1D5DB21AF1E98001C3AAD = {
						CreatedOnToolsVersion = 10.1;
						TestTargetID = 0202CE9421AF5786006D7C73;
					};
				};
			};
			buildConfigurationList = 02C1D5CD21AF1E98001C3AAD /* Build configuration list for PBXProject "OntSwift" */;
			compatibilityVersion = "Xcode 9.3";
			developmentRegion = en;
			hasScannedForEncodings = 0;
			knownRegions = (
				en,
				Base,
			);
			mainGroup = 02C1D5C921AF1E98001C3AAD;
			productRefGroup = 02C1D5D421AF1E98001C3AAD /* Products */;
			projectDirPath = "";
			projectRoot = "";
			targets = (
				02C1D5D221AF1E98001C3AAD /* OntSwift */,
				02C1D5DB21AF1E98001C3AAD /* OntSwiftTests */,
				0202CE9421AF5786006D7C73 /* OntSwiftTestsHost */,
			);
		};
/* End PBXProject section */

/* Begin PBXResourcesBuildPhase section */
		0202CE9321AF5786006D7C73 /* Resources */ = {
			isa = PBXResourcesBuildPhase;
			buildActionMask = 2147483647;
			files = (
				0202CEA221AF5787006D7C73 /* LaunchScreen.storyboard in Resources */,
				0202CE9F21AF5787006D7C73 /* Assets.xcassets in Resources */,
				0202CE9D21AF5786006D7C73 /* Main.storyboard in Resources */,
			);
			runOnlyForDeploymentPostprocessing = 0;
		};
		02C1D5D121AF1E98001C3AAD /* Resources */ = {
			isa = PBXResourcesBuildPhase;
			buildActionMask = 2147483647;
			files = (
			);
			runOnlyForDeploymentPostprocessing = 0;
		};
		02C1D5DA21AF1E98001C3AAD /* Resources */ = {
			isa = PBXResourcesBuildPhase;
			buildActionMask = 2147483647;
			files = (
				029CADC121BD518B00D2BAAF /* Oep4Test.py in Resources */,
				029CADC921BDF27B00D2BAAF /* NeoVmTests.avm in Resources */,
				029CADC821BDF27B00D2BAAF /* NeoVmTests.abi.json in Resources */,
				029CADBF21BD11C400D2BAAF /* Oep4Test.avm in Resources */,
				029CADC321BDF00E00D2BAAF /* NeoVmTests.py in Resources */,
			);
			runOnlyForDeploymentPostprocessing = 0;
		};
/* End PBXResourcesBuildPhase section */

/* Begin PBXShellScriptBuildPhase section */
		0228D1C621B1A6FC00565F51 /* Carthage */ = {
			isa = PBXShellScriptBuildPhase;
			buildActionMask = 2147483647;
			files = (
			);
			inputFileListPaths = (
			);
			inputPaths = (
				"$(SRCROOT)/Carthage/Build/iOS/SwiftyJSON.framework",
				"$(SRCROOT)/Carthage/Build/iOS/SwiftWebSocket.framework",
				"$(SRCROOT)/Carthage/Build/iOS/Promises.framework",
				"$(SRCROOT)/Carthage/Build/iOS/FBLPromises.framework",
			);
			name = Carthage;
			outputFileListPaths = (
			);
			outputPaths = (
				"$(BUILT_PRODUCTS_DIR)/$(FRAMEWORKS_FOLDER_PATH)/SwiftyJSON.framework",
				"$(BUILT_PRODUCTS_DIR)/$(FRAMEWORKS_FOLDER_PATH)/SwiftWebSocket.framework",
				"$(BUILT_PRODUCTS_DIR)/$(FRAMEWORKS_FOLDER_PATH)/Promises.framework",
				"$(BUILT_PRODUCTS_DIR)/$(FRAMEWORKS_FOLDER_PATH)/FBLPromises.framework",
			);
			runOnlyForDeploymentPostprocessing = 0;
			shellPath = /bin/sh;
			shellScript = "# Type a script or drag a script file from your workspace to insert its path.\n/usr/local/bin/carthage copy-frameworks\n";
		};
		029ACAC321B6E31200FC656F /* Build Libraries */ = {
			isa = PBXShellScriptBuildPhase;
			buildActionMask = 2147483647;
			files = (
			);
			inputFileListPaths = (
			);
			inputPaths = (
			);
			name = "Build Libraries";
			outputFileListPaths = (
			);
			outputPaths = (
			);
			runOnlyForDeploymentPostprocessing = 0;
			shellPath = /bin/sh;
			shellScript = "# Type a script or drag a script file from your workspace to insert its path.\nsh \"$SRCROOT/scripts/frameworks/build_all.sh\"\n";
		};
/* End PBXShellScriptBuildPhase section */

/* Begin PBXSourcesBuildPhase section */
		0202CE9121AF5786006D7C73 /* Sources */ = {
			isa = PBXSourcesBuildPhase;
			buildActionMask = 2147483647;
			files = (
				0202CE9A21AF5786006D7C73 /* ViewController.swift in Sources */,
				0202CE9821AF5786006D7C73 /* AppDelegate.swift in Sources */,
			);
			runOnlyForDeploymentPostprocessing = 0;
		};
		02C1D5CF21AF1E98001C3AAD /* Sources */ = {
			isa = PBXSourcesBuildPhase;
			buildActionMask = 2147483647;
			files = (
				029ACAC221B6AD4200FC656F /* ProgramBuilder.swift in Sources */,
				028E93B821B7648B004B9F09 /* Account.swift in Sources */,
				028E942321BBD4F9004B9F09 /* Oep4TxBuilder.swift in Sources */,
				02F9076221B0F9D500571663 /* Key.swift in Sources */,
				0228D1E521B2F33B00565F51 /* WordList.swift in Sources */,
				02A9921621B117AF005CA392 /* Data+Hex.swift in Sources */,
				028E940121BA9D6A004B9F09 /* TxType.swift in Sources */,
				02F9075E21AFF54F00571663 /* Curve.swift in Sources */,
				02F9076021B0F54A00571663 /* SignatureScheme.swift in Sources */,
				028E93C021B7ABE7004B9F09 /* Identity.swift in Sources */,
				0228D1ED21B3AF4000565F51 /* PrivateKey.swift in Sources */,
				028E940921BAA0BE004B9F09 /* AbiFunction.swift in Sources */,
				029ACABD21B687B000FC656F /* ScriptBuilder.swift in Sources */,
				028E940F21BAB528004B9F09 /* Struct.swift in Sources */,
				028E940521BA9F9B004B9F09 /* Transaction.swift in Sources */,
				029ACAB921B6768F00FC656F /* Data+Bytes.swift in Sources */,
				0228D1DB21B2E92000565F51 /* HDPrivateKey.swift in Sources */,
				029ACABF21B6AA9400FC656F /* Opcode.swift in Sources */,
				02F9076521B0FB2A00571663 /* Constant.swift in Sources */,
				029ACAB021B4345700FC656F /* Signature.swift in Sources */,
				028E93C621B7D002004B9F09 /* Wallet.swift in Sources */,
				028E93C821B7D898004B9F09 /* Date+ISO8601.swift in Sources */,
				028E93F021B89EF5004B9F09 /* ScriptReader.swift in Sources */,
				028E940B21BAA100004B9F09 /* AbiParameter.swift in Sources */,
				028E941D21BB8BB5004B9F09 /* String+Bounds.swift in Sources */,
				029ACAB221B637B900FC656F /* PublicKey.swift in Sources */,
				028E93FE21BA8F06004B9F09 /* DeployCode.swift in Sources */,
				028E93F221B8A0CE004B9F09 /* BufferReader.swift in Sources */,
				028E93FA21BA843C004B9F09 /* Payload.swift in Sources */,
				028E941121BAB5A5004B9F09 /* NativeVmParamsBuilder.swift in Sources */,
				028E93CD21B8392B004B9F09 /* WebsocketRpc.swift in Sources */,
				0228D1D121B1C41E00565F51 /* BigInt.swift in Sources */,
				028E941F21BBC88B004B9F09 /* OntidContractTxBuilder.swift in Sources */,
				02F9075A21AFF0BD00571663 /* KeyType.swift in Sources */,
				028E940321BA9EC7004B9F09 /* Signable.swift in Sources */,
				028E93FC21BA8921004B9F09 /* InvokeCode.swift in Sources */,
				0228D1E721B3A35A00565F51 /* Base58.swift in Sources */,
				0228D1E321B2F31600565F51 /* Mnemonic.swift in Sources */,
				028E941B21BAFCF8004B9F09 /* TransactionBuilder.swift in Sources */,
				0228D1CB21B1ABC100565F51 /* Scrypt.swift in Sources */,
				028E93F721B934A6004B9F09 /* ProgramReader.swift in Sources */,
				028E942121BBD482004B9F09 /* OepState.swift in Sources */,
				028E93BA21B76A6B004B9F09 /* Encodable+Dict.swift in Sources */,
				02A9921321B10AB8005CA392 /* Hash.swift in Sources */,
				028E93F521B9342C004B9F09 /* ProgramInfo.swift in Sources */,
				0228D1DF21B2EBCE00565F51 /* BitcoinKit.Private.swift in Sources */,
				028E93BC21B7A05B004B9F09 /* Keystore.swift in Sources */,
				028E93BE21B7A7DB004B9F09 /* ControlData.swift in Sources */,
				02F9075C21AFF4EB00571663 /* KeyParameters.swift in Sources */,
				029ACAB421B63D9300FC656F /* AES.swift in Sources */,
				029ACAB621B6629C00FC656F /* Address.swift in Sources */,
				028E940D21BAB22A004B9F09 /* AbiInfo.swift in Sources */,
				028E941521BAEB0E004B9F09 /* OntAssetTxBuilder.swift in Sources */,
				028E941721BAF0BF004B9F09 /* TxSignature.swift in Sources */,
				0228D1DC21B2E92000565F51 /* HDKeychain.swift in Sources */,
			);
			runOnlyForDeploymentPostprocessing = 0;
		};
		02C1D5D821AF1E98001C3AAD /* Sources */ = {
			isa = PBXSourcesBuildPhase;
			buildActionMask = 2147483647;
			files = (
				029CADBB21BD0AAB00D2BAAF /* OntidContractTx.swift in Sources */,
				029CADC521BDF0EF00D2BAAF /* NeoVmTests.swift in Sources */,
				028E942B21BC3DA7004B9F09 /* TransferTest.swift in Sources */,
				028E93CF21B8394A004B9F09 /* WebsocketRpcTests.swift in Sources */,
				028E93C221B7B515004B9F09 /* AccountTests.swift in Sources */,
				029CADBD21BD0F0500D2BAAF /* Oep4Test.swift in Sources */,
				028E942721BC0649004B9F09 /* TestWallet.swift in Sources */,
				0228D1EB21B3ACFF00565F51 /* CryptoTests.swift in Sources */,
				028E93C421B7CC95004B9F09 /* IdentityTests.swift in Sources */,
				028E93CA21B80498004B9F09 /* WalletTests.swift in Sources */,
			);
			runOnlyForDeploymentPostprocessing = 0;
		};
/* End PBXSourcesBuildPhase section */

/* Begin PBXTargetDependency section */
		0202CEA821AF5796006D7C73 /* PBXTargetDependency */ = {
			isa = PBXTargetDependency;
			target = 0202CE9421AF5786006D7C73 /* OntSwiftTestsHost */;
			targetProxy = 0202CEA721AF5796006D7C73 /* PBXContainerItemProxy */;
		};
		0202CEB121AF597E006D7C73 /* PBXTargetDependency */ = {
			isa = PBXTargetDependency;
			target = 02C1D5D221AF1E98001C3AAD /* OntSwift */;
			targetProxy = 0202CEB021AF597E006D7C73 /* PBXContainerItemProxy */;
		};
		02C1D5DF21AF1E98001C3AAD /* PBXTargetDependency */ = {
			isa = PBXTargetDependency;
			target = 02C1D5D221AF1E98001C3AAD /* OntSwift */;
			targetProxy = 02C1D5DE21AF1E98001C3AAD /* PBXContainerItemProxy */;
		};
/* End PBXTargetDependency section */

/* Begin PBXVariantGroup section */
		0202CE9B21AF5786006D7C73 /* Main.storyboard */ = {
			isa = PBXVariantGroup;
			children = (
				0202CE9C21AF5786006D7C73 /* Base */,
			);
			name = Main.storyboard;
			sourceTree = "<group>";
		};
		0202CEA021AF5787006D7C73 /* LaunchScreen.storyboard */ = {
			isa = PBXVariantGroup;
			children = (
				0202CEA121AF5787006D7C73 /* Base */,
			);
			name = LaunchScreen.storyboard;
			sourceTree = "<group>";
		};
/* End PBXVariantGroup section */

/* Begin XCBuildConfiguration section */
		0202CEA521AF5787006D7C73 /* Debug */ = {
			isa = XCBuildConfiguration;
			buildSettings = {
				ALWAYS_EMBED_SWIFT_STANDARD_LIBRARIES = YES;
				ASSETCATALOG_COMPILER_APPICON_NAME = AppIcon;
				CODE_SIGN_STYLE = Automatic;
				DEVELOPMENT_TEAM = UZ5E3YN55V;
				FRAMEWORK_SEARCH_PATHS = (
					"$(inherited)",
					"$(PROJECT_DIR)/Frameworks",
					"$(PROJECT_DIR)/Carthage/Build/iOS",
				);
				INFOPLIST_FILE = OntSwiftTestsHost/Info.plist;
				LD_RUNPATH_SEARCH_PATHS = (
					"$(inherited)",
					"@executable_path/Frameworks",
				);
				LIBRARY_SEARCH_PATHS = (
					"$(inherited)",
					"$(PROJECT_DIR)/scripts/frameworks/build/scrypt/libscrypt",
				);
				PRODUCT_BUNDLE_IDENTIFIER = com.hsiaosiyuan.OntSwiftTestsHost;
				PRODUCT_NAME = "$(TARGET_NAME)";
				SWIFT_VERSION = 4.2;
				TARGETED_DEVICE_FAMILY = "1,2";
			};
			name = Debug;
		};
		0202CEA621AF5787006D7C73 /* Release */ = {
			isa = XCBuildConfiguration;
			buildSettings = {
				ALWAYS_EMBED_SWIFT_STANDARD_LIBRARIES = YES;
				ASSETCATALOG_COMPILER_APPICON_NAME = AppIcon;
				CODE_SIGN_STYLE = Automatic;
				DEVELOPMENT_TEAM = UZ5E3YN55V;
				FRAMEWORK_SEARCH_PATHS = (
					"$(inherited)",
					"$(PROJECT_DIR)/Frameworks",
					"$(PROJECT_DIR)/Carthage/Build/iOS",
				);
				INFOPLIST_FILE = OntSwiftTestsHost/Info.plist;
				LD_RUNPATH_SEARCH_PATHS = (
					"$(inherited)",
					"@executable_path/Frameworks",
				);
				LIBRARY_SEARCH_PATHS = (
					"$(inherited)",
					"$(PROJECT_DIR)/scripts/frameworks/build/scrypt/libscrypt",
				);
				PRODUCT_BUNDLE_IDENTIFIER = com.hsiaosiyuan.OntSwiftTestsHost;
				PRODUCT_NAME = "$(TARGET_NAME)";
				SWIFT_VERSION = 4.2;
				TARGETED_DEVICE_FAMILY = "1,2";
			};
			name = Release;
		};
		02C1D5E521AF1E98001C3AAD /* Debug */ = {
			isa = XCBuildConfiguration;
			buildSettings = {
				ALWAYS_SEARCH_USER_PATHS = NO;
				CLANG_ANALYZER_NONNULL = YES;
				CLANG_ANALYZER_NUMBER_OBJECT_CONVERSION = YES_AGGRESSIVE;
				CLANG_CXX_LANGUAGE_STANDARD = "gnu++14";
				CLANG_CXX_LIBRARY = "libc++";
				CLANG_ENABLE_MODULES = YES;
				CLANG_ENABLE_OBJC_ARC = YES;
				CLANG_ENABLE_OBJC_WEAK = YES;
				CLANG_WARN_BLOCK_CAPTURE_AUTORELEASING = YES;
				CLANG_WARN_BOOL_CONVERSION = YES;
				CLANG_WARN_COMMA = YES;
				CLANG_WARN_CONSTANT_CONVERSION = YES;
				CLANG_WARN_DEPRECATED_OBJC_IMPLEMENTATIONS = YES;
				CLANG_WARN_DIRECT_OBJC_ISA_USAGE = YES_ERROR;
				CLANG_WARN_DOCUMENTATION_COMMENTS = YES;
				CLANG_WARN_EMPTY_BODY = YES;
				CLANG_WARN_ENUM_CONVERSION = YES;
				CLANG_WARN_INFINITE_RECURSION = YES;
				CLANG_WARN_INT_CONVERSION = YES;
				CLANG_WARN_NON_LITERAL_NULL_CONVERSION = YES;
				CLANG_WARN_OBJC_IMPLICIT_RETAIN_SELF = YES;
				CLANG_WARN_OBJC_LITERAL_CONVERSION = YES;
				CLANG_WARN_OBJC_ROOT_CLASS = YES_ERROR;
				CLANG_WARN_RANGE_LOOP_ANALYSIS = YES;
				CLANG_WARN_STRICT_PROTOTYPES = YES;
				CLANG_WARN_SUSPICIOUS_MOVE = YES;
				CLANG_WARN_UNGUARDED_AVAILABILITY = YES_AGGRESSIVE;
				CLANG_WARN_UNREACHABLE_CODE = YES;
				CLANG_WARN__DUPLICATE_METHOD_MATCH = YES;
				CODE_SIGN_IDENTITY = "iPhone Developer";
				COPY_PHASE_STRIP = NO;
				CURRENT_PROJECT_VERSION = 1;
				DEBUG_INFORMATION_FORMAT = dwarf;
				ENABLE_STRICT_OBJC_MSGSEND = YES;
				ENABLE_TESTABILITY = YES;
				GCC_C_LANGUAGE_STANDARD = gnu11;
				GCC_DYNAMIC_NO_PIC = NO;
				GCC_NO_COMMON_BLOCKS = YES;
				GCC_OPTIMIZATION_LEVEL = 0;
				GCC_PREPROCESSOR_DEFINITIONS = (
					"DEBUG=1",
					"$(inherited)",
				);
				GCC_WARN_64_TO_32_BIT_CONVERSION = YES;
				GCC_WARN_ABOUT_RETURN_TYPE = YES_ERROR;
				GCC_WARN_UNDECLARED_SELECTOR = YES;
				GCC_WARN_UNINITIALIZED_AUTOS = YES_AGGRESSIVE;
				GCC_WARN_UNUSED_FUNCTION = YES;
				GCC_WARN_UNUSED_VARIABLE = YES;
				IPHONEOS_DEPLOYMENT_TARGET = 12.1;
				MTL_ENABLE_DEBUG_INFO = INCLUDE_SOURCE;
				MTL_FAST_MATH = YES;
				ONLY_ACTIVE_ARCH = YES;
				SDKROOT = iphoneos;
				SWIFT_ACTIVE_COMPILATION_CONDITIONS = DEBUG;
				SWIFT_OPTIMIZATION_LEVEL = "-Onone";
				VERSIONING_SYSTEM = "apple-generic";
				VERSION_INFO_PREFIX = "";
			};
			name = Debug;
		};
		02C1D5E621AF1E98001C3AAD /* Release */ = {
			isa = XCBuildConfiguration;
			buildSettings = {
				ALWAYS_SEARCH_USER_PATHS = NO;
				CLANG_ANALYZER_NONNULL = YES;
				CLANG_ANALYZER_NUMBER_OBJECT_CONVERSION = YES_AGGRESSIVE;
				CLANG_CXX_LANGUAGE_STANDARD = "gnu++14";
				CLANG_CXX_LIBRARY = "libc++";
				CLANG_ENABLE_MODULES = YES;
				CLANG_ENABLE_OBJC_ARC = YES;
				CLANG_ENABLE_OBJC_WEAK = YES;
				CLANG_WARN_BLOCK_CAPTURE_AUTORELEASING = YES;
				CLANG_WARN_BOOL_CONVERSION = YES;
				CLANG_WARN_COMMA = YES;
				CLANG_WARN_CONSTANT_CONVERSION = YES;
				CLANG_WARN_DEPRECATED_OBJC_IMPLEMENTATIONS = YES;
				CLANG_WARN_DIRECT_OBJC_ISA_USAGE = YES_ERROR;
				CLANG_WARN_DOCUMENTATION_COMMENTS = YES;
				CLANG_WARN_EMPTY_BODY = YES;
				CLANG_WARN_ENUM_CONVERSION = YES;
				CLANG_WARN_INFINITE_RECURSION = YES;
				CLANG_WARN_INT_CONVERSION = YES;
				CLANG_WARN_NON_LITERAL_NULL_CONVERSION = YES;
				CLANG_WARN_OBJC_IMPLICIT_RETAIN_SELF = YES;
				CLANG_WARN_OBJC_LITERAL_CONVERSION = YES;
				CLANG_WARN_OBJC_ROOT_CLASS = YES_ERROR;
				CLANG_WARN_RANGE_LOOP_ANALYSIS = YES;
				CLANG_WARN_STRICT_PROTOTYPES = YES;
				CLANG_WARN_SUSPICIOUS_MOVE = YES;
				CLANG_WARN_UNGUARDED_AVAILABILITY = YES_AGGRESSIVE;
				CLANG_WARN_UNREACHABLE_CODE = YES;
				CLANG_WARN__DUPLICATE_METHOD_MATCH = YES;
				CODE_SIGN_IDENTITY = "iPhone Developer";
				COPY_PHASE_STRIP = NO;
				CURRENT_PROJECT_VERSION = 1;
				DEBUG_INFORMATION_FORMAT = "dwarf-with-dsym";
				ENABLE_NS_ASSERTIONS = NO;
				ENABLE_STRICT_OBJC_MSGSEND = YES;
				GCC_C_LANGUAGE_STANDARD = gnu11;
				GCC_NO_COMMON_BLOCKS = YES;
				GCC_WARN_64_TO_32_BIT_CONVERSION = YES;
				GCC_WARN_ABOUT_RETURN_TYPE = YES_ERROR;
				GCC_WARN_UNDECLARED_SELECTOR = YES;
				GCC_WARN_UNINITIALIZED_AUTOS = YES_AGGRESSIVE;
				GCC_WARN_UNUSED_FUNCTION = YES;
				GCC_WARN_UNUSED_VARIABLE = YES;
				IPHONEOS_DEPLOYMENT_TARGET = 12.1;
				MTL_ENABLE_DEBUG_INFO = NO;
				MTL_FAST_MATH = YES;
				SDKROOT = iphoneos;
				SWIFT_COMPILATION_MODE = wholemodule;
				SWIFT_OPTIMIZATION_LEVEL = "-O";
				VALIDATE_PRODUCT = YES;
				VERSIONING_SYSTEM = "apple-generic";
				VERSION_INFO_PREFIX = "";
			};
			name = Release;
		};
		02C1D5E821AF1E98001C3AAD /* Debug */ = {
			isa = XCBuildConfiguration;
			buildSettings = {
				CLANG_ENABLE_MODULES = YES;
				CODE_SIGN_IDENTITY = "";
				CODE_SIGN_STYLE = Automatic;
				DEFINES_MODULE = YES;
				DEVELOPMENT_TEAM = UZ5E3YN55V;
				DYLIB_COMPATIBILITY_VERSION = 1;
				DYLIB_CURRENT_VERSION = 1;
				DYLIB_INSTALL_NAME_BASE = "@rpath";
				FRAMEWORK_SEARCH_PATHS = (
					"$(inherited)",
					"$(PROJECT_DIR)/Frameworks",
					"$(PROJECT_DIR)/Carthage/Build/iOS",
				);
				INFOPLIST_FILE = OntSwift/Info.plist;
				INSTALL_PATH = "$(LOCAL_LIBRARY_DIR)/Frameworks";
				LD_RUNPATH_SEARCH_PATHS = (
					"$(inherited)",
					"@executable_path/Frameworks",
					"@loader_path/Frameworks",
				);
				PRODUCT_BUNDLE_IDENTIFIER = com.hsiaosiyuan.OntSwift;
				PRODUCT_NAME = "$(TARGET_NAME:c99extidentifier)";
				SKIP_INSTALL = YES;
				SWIFT_OPTIMIZATION_LEVEL = "-Onone";
				SWIFT_VERSION = 4.2;
				TARGETED_DEVICE_FAMILY = "1,2";
			};
			name = Debug;
		};
		02C1D5E921AF1E98001C3AAD /* Release */ = {
			isa = XCBuildConfiguration;
			buildSettings = {
				CLANG_ENABLE_MODULES = YES;
				CODE_SIGN_IDENTITY = "";
				CODE_SIGN_STYLE = Automatic;
				DEFINES_MODULE = YES;
				DEVELOPMENT_TEAM = UZ5E3YN55V;
				DYLIB_COMPATIBILITY_VERSION = 1;
				DYLIB_CURRENT_VERSION = 1;
				DYLIB_INSTALL_NAME_BASE = "@rpath";
				FRAMEWORK_SEARCH_PATHS = (
					"$(inherited)",
					"$(PROJECT_DIR)/Frameworks",
					"$(PROJECT_DIR)/Carthage/Build/iOS",
				);
				INFOPLIST_FILE = OntSwift/Info.plist;
				INSTALL_PATH = "$(LOCAL_LIBRARY_DIR)/Frameworks";
				LD_RUNPATH_SEARCH_PATHS = (
					"$(inherited)",
					"@executable_path/Frameworks",
					"@loader_path/Frameworks",
				);
				PRODUCT_BUNDLE_IDENTIFIER = com.hsiaosiyuan.OntSwift;
				PRODUCT_NAME = "$(TARGET_NAME:c99extidentifier)";
				SKIP_INSTALL = YES;
				SWIFT_VERSION = 4.2;
				TARGETED_DEVICE_FAMILY = "1,2";
			};
			name = Release;
		};
		02C1D5EB21AF1E98001C3AAD /* Debug */ = {
			isa = XCBuildConfiguration;
			buildSettings = {
				ALWAYS_EMBED_SWIFT_STANDARD_LIBRARIES = YES;
				CODE_SIGN_STYLE = Automatic;
				DEVELOPMENT_TEAM = UZ5E3YN55V;
				FRAMEWORK_SEARCH_PATHS = (
					"$(inherited)",
					"$(PROJECT_DIR)/Carthage/Build/iOS",
				);
				INFOPLIST_FILE = OntSwiftTests/Info.plist;
				LD_RUNPATH_SEARCH_PATHS = (
					"$(inherited)",
					"@executable_path/Frameworks",
					"@loader_path/Frameworks",
				);
				PRODUCT_BUNDLE_IDENTIFIER = com.hsiaosiyuan.OntSwiftTests;
				PRODUCT_NAME = "$(TARGET_NAME)";
				SWIFT_VERSION = 4.2;
				TARGETED_DEVICE_FAMILY = "1,2";
				TEST_HOST = "$(BUILT_PRODUCTS_DIR)/OntSwiftTestsHost.app/OntSwiftTestsHost";
			};
			name = Debug;
		};
		02C1D5EC21AF1E98001C3AAD /* Release */ = {
			isa = XCBuildConfiguration;
			buildSettings = {
				ALWAYS_EMBED_SWIFT_STANDARD_LIBRARIES = YES;
				CODE_SIGN_STYLE = Automatic;
				DEVELOPMENT_TEAM = UZ5E3YN55V;
				FRAMEWORK_SEARCH_PATHS = (
					"$(inherited)",
					"$(PROJECT_DIR)/Carthage/Build/iOS",
				);
				INFOPLIST_FILE = OntSwiftTests/Info.plist;
				LD_RUNPATH_SEARCH_PATHS = (
					"$(inherited)",
					"@executable_path/Frameworks",
					"@loader_path/Frameworks",
				);
				PRODUCT_BUNDLE_IDENTIFIER = com.hsiaosiyuan.OntSwiftTests;
				PRODUCT_NAME = "$(TARGET_NAME)";
				SWIFT_VERSION = 4.2;
				TARGETED_DEVICE_FAMILY = "1,2";
				TEST_HOST = "$(BUILT_PRODUCTS_DIR)/OntSwiftTestsHost.app/OntSwiftTestsHost";
			};
			name = Release;
		};
/* End XCBuildConfiguration section */

/* Begin XCConfigurationList section */
		0202CEA421AF5787006D7C73 /* Build configuration list for PBXNativeTarget "OntSwiftTestsHost" */ = {
			isa = XCConfigurationList;
			buildConfigurations = (
				0202CEA521AF5787006D7C73 /* Debug */,
				0202CEA621AF5787006D7C73 /* Release */,
			);
			defaultConfigurationIsVisible = 0;
			defaultConfigurationName = Release;
		};
		02C1D5CD21AF1E98001C3AAD /* Build configuration list for PBXProject "OntSwift" */ = {
			isa = XCConfigurationList;
			buildConfigurations = (
				02C1D5E521AF1E98001C3AAD /* Debug */,
				02C1D5E621AF1E98001C3AAD /* Release */,
			);
			defaultConfigurationIsVisible = 0;
			defaultConfigurationName = Release;
		};
		02C1D5E721AF1E98001C3AAD /* Build configuration list for PBXNativeTarget "OntSwift" */ = {
			isa = XCConfigurationList;
			buildConfigurations = (
				02C1D5E821AF1E98001C3AAD /* Debug */,
				02C1D5E921AF1E98001C3AAD /* Release */,
			);
			defaultConfigurationIsVisible = 0;
			defaultConfigurationName = Release;
		};
		02C1D5EA21AF1E98001C3AAD /* Build configuration list for PBXNativeTarget "OntSwiftTests" */ = {
			isa = XCConfigurationList;
			buildConfigurations = (
				02C1D5EB21AF1E98001C3AAD /* Debug */,
				02C1D5EC21AF1E98001C3AAD /* Release */,
			);
			defaultConfigurationIsVisible = 0;
			defaultConfigurationName = Release;
		};
/* End XCConfigurationList section */
	};
	rootObject = 02C1D5CA21AF1E98001C3AAD /* Project object */;
}
